// !$*UTF8*$!
{
	archiveVersion = 1;
	classes = {
	};
	objectVersion = 46;
	objects = {

/* Begin PBXBuildFile section */
		642E5ECF1B4DFA540048C6BC /* CoreGraphics.framework in Frameworks */ = {isa = PBXBuildFile; fileRef = 642E5ECE1B4DFA540048C6BC /* CoreGraphics.framework */; };
		6467B2E91B3F7ADA0071A3FF /* SwiftPages.swift in Sources */ = {isa = PBXBuildFile; fileRef = 6467B2E81B3F7ADA0071A3FF /* SwiftPages.swift */; };
		6467B2EB1B3F939E0071A3FF /* FirstExampleVC.swift in Sources */ = {isa = PBXBuildFile; fileRef = 6467B2EA1B3F939E0071A3FF /* FirstExampleVC.swift */; };
		6467B2ED1B3F93B40071A3FF /* SecondExampleVC.swift in Sources */ = {isa = PBXBuildFile; fileRef = 6467B2EC1B3F93B40071A3FF /* SecondExampleVC.swift */; };
		6489B02F1B0EDEEA009E6AA4 /* AppDelegate.swift in Sources */ = {isa = PBXBuildFile; fileRef = 6489B02E1B0EDEEA009E6AA4 /* AppDelegate.swift */; };
		6489B0341B0EDEEA009E6AA4 /* Main.storyboard in Resources */ = {isa = PBXBuildFile; fileRef = 6489B0321B0EDEEA009E6AA4 /* Main.storyboard */; };
		6489B0361B0EDEEA009E6AA4 /* Images.xcassets in Resources */ = {isa = PBXBuildFile; fileRef = 6489B0351B0EDEEA009E6AA4 /* Images.xcassets */; };
		6489B0391B0EDEEA009E6AA4 /* LaunchScreen.xib in Resources */ = {isa = PBXBuildFile; fileRef = 6489B0371B0EDEEA009E6AA4 /* LaunchScreen.xib */; };
		6489B0451B0EDEEA009E6AA4 /* SwiftPagesTests.swift in Sources */ = {isa = PBXBuildFile; fileRef = 6489B0441B0EDEEA009E6AA4 /* SwiftPagesTests.swift */; };
		64E483971B4E0202009BE86A /* RAReorderableLayout.swift in Sources */ = {isa = PBXBuildFile; fileRef = 64E483961B4E0202009BE86A /* RAReorderableLayout.swift */; };
		64E483991B4E0227009BE86A /* VerticalViewController.swift in Sources */ = {isa = PBXBuildFile; fileRef = 64E483981B4E0227009BE86A /* VerticalViewController.swift */; };
		64E483A91B4E14F4009BE86A /* LocationIcon.png in Resources */ = {isa = PBXBuildFile; fileRef = 64E483A41B4E14F4009BE86A /* LocationIcon.png */; };
		64E483AA1B4E14F4009BE86A /* HomeIcon.png in Resources */ = {isa = PBXBuildFile; fileRef = 64E483A51B4E14F4009BE86A /* HomeIcon.png */; };
		64E483AB1B4E14F4009BE86A /* ListIcon.png in Resources */ = {isa = PBXBuildFile; fileRef = 64E483A61B4E14F4009BE86A /* ListIcon.png */; };
		64E483AC1B4E14F4009BE86A /* CollectionIcon.png in Resources */ = {isa = PBXBuildFile; fileRef = 64E483A71B4E14F4009BE86A /* CollectionIcon.png */; };
		64E483AD1B4E14F4009BE86A /* StarIcon.png in Resources */ = {isa = PBXBuildFile; fileRef = 64E483A81B4E14F4009BE86A /* StarIcon.png */; };
		64E483BA1B51CD8A009BE86A /* Example 1 Button Image.png in Resources */ = {isa = PBXBuildFile; fileRef = 64E483B81B51CD8A009BE86A /* Example 1 Button Image.png */; };
		64E483BB1B51CD8A009BE86A /* Example 2 Button Image.png in Resources */ = {isa = PBXBuildFile; fileRef = 64E483B91B51CD8A009BE86A /* Example 2 Button Image.png */; };
		64E483BE1B51D21F009BE86A /* Example 1 Button Image Touched.png in Resources */ = {isa = PBXBuildFile; fileRef = 64E483BC1B51D21F009BE86A /* Example 1 Button Image Touched.png */; };
		64E483BF1B51D21F009BE86A /* Example 2 Button Image Touched.png in Resources */ = {isa = PBXBuildFile; fileRef = 64E483BD1B51D21F009BE86A /* Example 2 Button Image Touched.png */; };
/* End PBXBuildFile section */

/* Begin PBXContainerItemProxy section */
		6489B03F1B0EDEEA009E6AA4 /* PBXContainerItemProxy */ = {
			isa = PBXContainerItemProxy;
			containerPortal = 6489B0211B0EDEEA009E6AA4 /* Project object */;
			proxyType = 1;
			remoteGlobalIDString = 6489B0281B0EDEEA009E6AA4;
			remoteInfo = SwiftPages;
		};
/* End PBXContainerItemProxy section */

/* Begin PBXFileReference section */
		642E5ECE1B4DFA540048C6BC /* CoreGraphics.framework */ = {isa = PBXFileReference; lastKnownFileType = wrapper.framework; name = CoreGraphics.framework; path = System/Library/Frameworks/CoreGraphics.framework; sourceTree = SDKROOT; };
		6467B2E81B3F7ADA0071A3FF /* SwiftPages.swift */ = {isa = PBXFileReference; fileEncoding = 4; lastKnownFileType = sourcecode.swift; path = SwiftPages.swift; sourceTree = "<group>"; };
		6467B2EA1B3F939E0071A3FF /* FirstExampleVC.swift */ = {isa = PBXFileReference; fileEncoding = 4; lastKnownFileType = sourcecode.swift; path = FirstExampleVC.swift; sourceTree = "<group>"; };
		6467B2EC1B3F93B40071A3FF /* SecondExampleVC.swift */ = {isa = PBXFileReference; fileEncoding = 4; lastKnownFileType = sourcecode.swift; path = SecondExampleVC.swift; sourceTree = "<group>"; };
		6489B0291B0EDEEA009E6AA4 /* SwiftPages.app */ = {isa = PBXFileReference; explicitFileType = wrapper.application; includeInIndex = 0; path = SwiftPages.app; sourceTree = BUILT_PRODUCTS_DIR; };
		6489B02D1B0EDEEA009E6AA4 /* Info.plist */ = {isa = PBXFileReference; lastKnownFileType = text.plist.xml; path = Info.plist; sourceTree = "<group>"; };
		6489B02E1B0EDEEA009E6AA4 /* AppDelegate.swift */ = {isa = PBXFileReference; lastKnownFileType = sourcecode.swift; path = AppDelegate.swift; sourceTree = "<group>"; };
		6489B0331B0EDEEA009E6AA4 /* Base */ = {isa = PBXFileReference; lastKnownFileType = file.storyboard; name = Base; path = Base.lproj/Main.storyboard; sourceTree = "<group>"; };
		6489B0351B0EDEEA009E6AA4 /* Images.xcassets */ = {isa = PBXFileReference; lastKnownFileType = folder.assetcatalog; path = Images.xcassets; sourceTree = "<group>"; };
		6489B0381B0EDEEA009E6AA4 /* Base */ = {isa = PBXFileReference; lastKnownFileType = file.xib; name = Base; path = Base.lproj/LaunchScreen.xib; sourceTree = "<group>"; };
		6489B03E1B0EDEEA009E6AA4 /* SwiftPagesTests.xctest */ = {isa = PBXFileReference; explicitFileType = wrapper.cfbundle; includeInIndex = 0; path = SwiftPagesTests.xctest; sourceTree = BUILT_PRODUCTS_DIR; };
		6489B0431B0EDEEA009E6AA4 /* Info.plist */ = {isa = PBXFileReference; lastKnownFileType = text.plist.xml; path = Info.plist; sourceTree = "<group>"; };
		6489B0441B0EDEEA009E6AA4 /* SwiftPagesTests.swift */ = {isa = PBXFileReference; lastKnownFileType = sourcecode.swift; path = SwiftPagesTests.swift; sourceTree = "<group>"; };
		64E483961B4E0202009BE86A /* RAReorderableLayout.swift */ = {isa = PBXFileReference; fileEncoding = 4; lastKnownFileType = sourcecode.swift; path = RAReorderableLayout.swift; sourceTree = "<group>"; };
		64E483981B4E0227009BE86A /* VerticalViewController.swift */ = {isa = PBXFileReference; fileEncoding = 4; lastKnownFileType = sourcecode.swift; path = VerticalViewController.swift; sourceTree = "<group>"; };
		64E483A41B4E14F4009BE86A /* LocationIcon.png */ = {isa = PBXFileReference; lastKnownFileType = image.png; path = LocationIcon.png; sourceTree = "<group>"; };
		64E483A51B4E14F4009BE86A /* HomeIcon.png */ = {isa = PBXFileReference; lastKnownFileType = image.png; path = HomeIcon.png; sourceTree = "<group>"; };
		64E483A61B4E14F4009BE86A /* ListIcon.png */ = {isa = PBXFileReference; lastKnownFileType = image.png; path = ListIcon.png; sourceTree = "<group>"; };
		64E483A71B4E14F4009BE86A /* CollectionIcon.png */ = {isa = PBXFileReference; lastKnownFileType = image.png; path = CollectionIcon.png; sourceTree = "<group>"; };
		64E483A81B4E14F4009BE86A /* StarIcon.png */ = {isa = PBXFileReference; lastKnownFileType = image.png; path = StarIcon.png; sourceTree = "<group>"; };
		64E483B81B51CD8A009BE86A /* Example 1 Button Image.png */ = {isa = PBXFileReference; lastKnownFileType = image.png; path = "Example 1 Button Image.png"; sourceTree = "<group>"; };
		64E483B91B51CD8A009BE86A /* Example 2 Button Image.png */ = {isa = PBXFileReference; lastKnownFileType = image.png; path = "Example 2 Button Image.png"; sourceTree = "<group>"; };
		64E483BC1B51D21F009BE86A /* Example 1 Button Image Touched.png */ = {isa = PBXFileReference; lastKnownFileType = image.png; path = "Example 1 Button Image Touched.png"; sourceTree = "<group>"; };
		64E483BD1B51D21F009BE86A /* Example 2 Button Image Touched.png */ = {isa = PBXFileReference; lastKnownFileType = image.png; path = "Example 2 Button Image Touched.png"; sourceTree = "<group>"; };
/* End PBXFileReference section */

/* Begin PBXFrameworksBuildPhase section */
		6489B0261B0EDEEA009E6AA4 /* Frameworks */ = {
			isa = PBXFrameworksBuildPhase;
			buildActionMask = 2147483647;
			files = (
				642E5ECF1B4DFA540048C6BC /* CoreGraphics.framework in Frameworks */,
			);
			runOnlyForDeploymentPostprocessing = 0;
		};
		6489B03B1B0EDEEA009E6AA4 /* Frameworks */ = {
			isa = PBXFrameworksBuildPhase;
			buildActionMask = 2147483647;
			files = (
			);
			runOnlyForDeploymentPostprocessing = 0;
		};
/* End PBXFrameworksBuildPhase section */

/* Begin PBXGroup section */
		64015D951B37A11500A6B549 /* Demo App Files */ = {
			isa = PBXGroup;
			children = (
				6467B2EF1B3FA3560071A3FF /* View Controllers */,
			);
			name = "Demo App Files";
			sourceTree = "<group>";
		};
		642E5ED01B4DFA9E0048C6BC /* Collection View Classes */ = {
			isa = PBXGroup;
			children = (
				64E483961B4E0202009BE86A /* RAReorderableLayout.swift */,
				64E483981B4E0227009BE86A /* VerticalViewController.swift */,
			);
			name = "Collection View Classes";
			sourceTree = "<group>";
		};
		6467B2EE1B3FA3170071A3FF /* Swift Pages */ = {
			isa = PBXGroup;
			children = (
				6467B2E81B3F7ADA0071A3FF /* SwiftPages.swift */,
			);
			name = "Swift Pages";
			sourceTree = "<group>";
		};
		6467B2EF1B3FA3560071A3FF /* View Controllers */ = {
			isa = PBXGroup;
			children = (
				6467B2EA1B3F939E0071A3FF /* FirstExampleVC.swift */,
				6467B2EC1B3F93B40071A3FF /* SecondExampleVC.swift */,
				6467B2F21B3FA8B20071A3FF /* Demo Assets */,
			);
			name = "View Controllers";
			sourceTree = "<group>";
		};
		6467B2F11B3FA8590071A3FF /* Resources */ = {
			isa = PBXGroup;
			children = (
				6489B02E1B0EDEEA009E6AA4 /* AppDelegate.swift */,
				6489B0321B0EDEEA009E6AA4 /* Main.storyboard */,
				6489B0351B0EDEEA009E6AA4 /* Images.xcassets */,
				6489B0371B0EDEEA009E6AA4 /* LaunchScreen.xib */,
			);
			name = Resources;
			sourceTree = "<group>";
		};
		6467B2F21B3FA8B20071A3FF /* Demo Assets */ = {
			isa = PBXGroup;
			children = (
				642E5ED01B4DFA9E0048C6BC /* Collection View Classes */,
			);
			name = "Demo Assets";
			sourceTree = "<group>";
		};
		6489B0201B0EDEEA009E6AA4 = {
			isa = PBXGroup;
			children = (
				642E5ECE1B4DFA540048C6BC /* CoreGraphics.framework */,
				6489B02B1B0EDEEA009E6AA4 /* SwiftPages */,
				6489B0411B0EDEEA009E6AA4 /* SwiftPagesTests */,
				6489B02A1B0EDEEA009E6AA4 /* Products */,
			);
			sourceTree = "<group>";
		};
		6489B02A1B0EDEEA009E6AA4 /* Products */ = {
			isa = PBXGroup;
			children = (
				6489B0291B0EDEEA009E6AA4 /* SwiftPages.app */,
				6489B03E1B0EDEEA009E6AA4 /* SwiftPagesTests.xctest */,
			);
			name = Products;
			sourceTree = "<group>";
		};
		6489B02B1B0EDEEA009E6AA4 /* SwiftPages */ = {
			isa = PBXGroup;
			children = (
				6467B2EE1B3FA3170071A3FF /* Swift Pages */,
				64015D951B37A11500A6B549 /* Demo App Files */,
				6467B2F11B3FA8590071A3FF /* Resources */,
				6489B02C1B0EDEEA009E6AA4 /* Supporting Files */,
			);
			path = SwiftPages;
			sourceTree = "<group>";
		};
		6489B02C1B0EDEEA009E6AA4 /* Supporting Files */ = {
			isa = PBXGroup;
			children = (
				64E483A51B4E14F4009BE86A /* HomeIcon.png */,
				64E483A41B4E14F4009BE86A /* LocationIcon.png */,
				64E483A71B4E14F4009BE86A /* CollectionIcon.png */,
				64E483A61B4E14F4009BE86A /* ListIcon.png */,
				64E483A81B4E14F4009BE86A /* StarIcon.png */,
				64E483B81B51CD8A009BE86A /* Example 1 Button Image.png */,
				64E483B91B51CD8A009BE86A /* Example 2 Button Image.png */,
				64E483BC1B51D21F009BE86A /* Example 1 Button Image Touched.png */,
				64E483BD1B51D21F009BE86A /* Example 2 Button Image Touched.png */,
				6489B02D1B0EDEEA009E6AA4 /* Info.plist */,
			);
			name = "Supporting Files";
			sourceTree = "<group>";
		};
		6489B0411B0EDEEA009E6AA4 /* SwiftPagesTests */ = {
			isa = PBXGroup;
			children = (
				6489B0441B0EDEEA009E6AA4 /* SwiftPagesTests.swift */,
				6489B0421B0EDEEA009E6AA4 /* Supporting Files */,
			);
			path = SwiftPagesTests;
			sourceTree = "<group>";
		};
		6489B0421B0EDEEA009E6AA4 /* Supporting Files */ = {
			isa = PBXGroup;
			children = (
				6489B0431B0EDEEA009E6AA4 /* Info.plist */,
			);
			name = "Supporting Files";
			sourceTree = "<group>";
		};
/* End PBXGroup section */

/* Begin PBXNativeTarget section */
		6489B0281B0EDEEA009E6AA4 /* SwiftPages */ = {
			isa = PBXNativeTarget;
			buildConfigurationList = 6489B0481B0EDEEA009E6AA4 /* Build configuration list for PBXNativeTarget "SwiftPages" */;
			buildPhases = (
				6489B0251B0EDEEA009E6AA4 /* Sources */,
				6489B0261B0EDEEA009E6AA4 /* Frameworks */,
				6489B0271B0EDEEA009E6AA4 /* Resources */,
			);
			buildRules = (
			);
			dependencies = (
			);
			name = SwiftPages;
			productName = SwiftPages;
			productReference = 6489B0291B0EDEEA009E6AA4 /* SwiftPages.app */;
			productType = "com.apple.product-type.application";
		};
		6489B03D1B0EDEEA009E6AA4 /* SwiftPagesTests */ = {
			isa = PBXNativeTarget;
			buildConfigurationList = 6489B04B1B0EDEEA009E6AA4 /* Build configuration list for PBXNativeTarget "SwiftPagesTests" */;
			buildPhases = (
				6489B03A1B0EDEEA009E6AA4 /* Sources */,
				6489B03B1B0EDEEA009E6AA4 /* Frameworks */,
				6489B03C1B0EDEEA009E6AA4 /* Resources */,
			);
			buildRules = (
			);
			dependencies = (
				6489B0401B0EDEEA009E6AA4 /* PBXTargetDependency */,
			);
			name = SwiftPagesTests;
			productName = SwiftPagesTests;
			productReference = 6489B03E1B0EDEEA009E6AA4 /* SwiftPagesTests.xctest */;
			productType = "com.apple.product-type.bundle.unit-test";
		};
/* End PBXNativeTarget section */

/* Begin PBXProject section */
		6489B0211B0EDEEA009E6AA4 /* Project object */ = {
			isa = PBXProject;
			attributes = {
				LastUpgradeCheck = 0700;
				ORGANIZATIONNAME = "Gabriel Alvarado";
				TargetAttributes = {
					6489B0281B0EDEEA009E6AA4 = {
						CreatedOnToolsVersion = 6.3.1;
					};
					6489B03D1B0EDEEA009E6AA4 = {
						CreatedOnToolsVersion = 6.3.1;
						TestTargetID = 6489B0281B0EDEEA009E6AA4;
					};
				};
			};
			buildConfigurationList = 6489B0241B0EDEEA009E6AA4 /* Build configuration list for PBXProject "SwiftPages" */;
			compatibilityVersion = "Xcode 3.2";
			developmentRegion = English;
			hasScannedForEncodings = 0;
			knownRegions = (
				en,
				Base,
			);
			mainGroup = 6489B0201B0EDEEA009E6AA4;
			productRefGroup = 6489B02A1B0EDEEA009E6AA4 /* Products */;
			projectDirPath = "";
			projectRoot = "";
			targets = (
				6489B0281B0EDEEA009E6AA4 /* SwiftPages */,
				6489B03D1B0EDEEA009E6AA4 /* SwiftPagesTests */,
			);
		};
/* End PBXProject section */

/* Begin PBXResourcesBuildPhase section */
		6489B0271B0EDEEA009E6AA4 /* Resources */ = {
			isa = PBXResourcesBuildPhase;
			buildActionMask = 2147483647;
			files = (
				6489B0341B0EDEEA009E6AA4 /* Main.storyboard in Resources */,
				64E483BE1B51D21F009BE86A /* Example 1 Button Image Touched.png in Resources */,
				64E483AA1B4E14F4009BE86A /* HomeIcon.png in Resources */,
				64E483AB1B4E14F4009BE86A /* ListIcon.png in Resources */,
				64E483AC1B4E14F4009BE86A /* CollectionIcon.png in Resources */,
				6489B0391B0EDEEA009E6AA4 /* LaunchScreen.xib in Resources */,
				64E483A91B4E14F4009BE86A /* LocationIcon.png in Resources */,
				64E483BF1B51D21F009BE86A /* Example 2 Button Image Touched.png in Resources */,
				64E483AD1B4E14F4009BE86A /* StarIcon.png in Resources */,
				6489B0361B0EDEEA009E6AA4 /* Images.xcassets in Resources */,
				64E483BB1B51CD8A009BE86A /* Example 2 Button Image.png in Resources */,
				64E483BA1B51CD8A009BE86A /* Example 1 Button Image.png in Resources */,
			);
			runOnlyForDeploymentPostprocessing = 0;
		};
		6489B03C1B0EDEEA009E6AA4 /* Resources */ = {
			isa = PBXResourcesBuildPhase;
			buildActionMask = 2147483647;
			files = (
			);
			runOnlyForDeploymentPostprocessing = 0;
		};
/* End PBXResourcesBuildPhase section */

/* Begin PBXSourcesBuildPhase section */
		6489B0251B0EDEEA009E6AA4 /* Sources */ = {
			isa = PBXSourcesBuildPhase;
			buildActionMask = 2147483647;
			files = (
				64E483971B4E0202009BE86A /* RAReorderableLayout.swift in Sources */,
				6467B2E91B3F7ADA0071A3FF /* SwiftPages.swift in Sources */,
				64E483991B4E0227009BE86A /* VerticalViewController.swift in Sources */,
				6467B2ED1B3F93B40071A3FF /* SecondExampleVC.swift in Sources */,
				6467B2EB1B3F939E0071A3FF /* FirstExampleVC.swift in Sources */,
				6489B02F1B0EDEEA009E6AA4 /* AppDelegate.swift in Sources */,
			);
			runOnlyForDeploymentPostprocessing = 0;
		};
		6489B03A1B0EDEEA009E6AA4 /* Sources */ = {
			isa = PBXSourcesBuildPhase;
			buildActionMask = 2147483647;
			files = (
				6489B0451B0EDEEA009E6AA4 /* SwiftPagesTests.swift in Sources */,
			);
			runOnlyForDeploymentPostprocessing = 0;
		};
/* End PBXSourcesBuildPhase section */

/* Begin PBXTargetDependency section */
		6489B0401B0EDEEA009E6AA4 /* PBXTargetDependency */ = {
			isa = PBXTargetDependency;
			target = 6489B0281B0EDEEA009E6AA4 /* SwiftPages */;
			targetProxy = 6489B03F1B0EDEEA009E6AA4 /* PBXContainerItemProxy */;
		};
/* End PBXTargetDependency section */

/* Begin PBXVariantGroup section */
		6489B0321B0EDEEA009E6AA4 /* Main.storyboard */ = {
			isa = PBXVariantGroup;
			children = (
				6489B0331B0EDEEA009E6AA4 /* Base */,
			);
			name = Main.storyboard;
			sourceTree = "<group>";
		};
		6489B0371B0EDEEA009E6AA4 /* LaunchScreen.xib */ = {
			isa = PBXVariantGroup;
			children = (
				6489B0381B0EDEEA009E6AA4 /* Base */,
			);
			name = LaunchScreen.xib;
			sourceTree = "<group>";
		};
/* End PBXVariantGroup section */

/* Begin XCBuildConfiguration section */
		6489B0461B0EDEEA009E6AA4 /* Debug */ = {
			isa = XCBuildConfiguration;
			buildSettings = {
				ALWAYS_SEARCH_USER_PATHS = NO;
				CLANG_CXX_LANGUAGE_STANDARD = "gnu++0x";
				CLANG_CXX_LIBRARY = "libc++";
				CLANG_ENABLE_MODULES = YES;
				CLANG_ENABLE_OBJC_ARC = YES;
				CLANG_WARN_BOOL_CONVERSION = YES;
				CLANG_WARN_CONSTANT_CONVERSION = YES;
				CLANG_WARN_DIRECT_OBJC_ISA_USAGE = YES_ERROR;
				CLANG_WARN_EMPTY_BODY = YES;
				CLANG_WARN_ENUM_CONVERSION = YES;
				CLANG_WARN_INT_CONVERSION = YES;
				CLANG_WARN_OBJC_ROOT_CLASS = YES_ERROR;
				CLANG_WARN_UNREACHABLE_CODE = YES;
				CLANG_WARN__DUPLICATE_METHOD_MATCH = YES;
				"CODE_SIGN_IDENTITY[sdk=iphoneos*]" = "iPhone Developer";
				COPY_PHASE_STRIP = NO;
				DEBUG_INFORMATION_FORMAT = "dwarf-with-dsym";
				ENABLE_STRICT_OBJC_MSGSEND = YES;
				ENABLE_TESTABILITY = YES;
				GCC_C_LANGUAGE_STANDARD = gnu99;
				GCC_DYNAMIC_NO_PIC = NO;
				GCC_NO_COMMON_BLOCKS = YES;
				GCC_OPTIMIZATION_LEVEL = 0;
				GCC_PREPROCESSOR_DEFINITIONS = (
					"DEBUG=1",
					"$(inherited)",
				);
				GCC_SYMBOLS_PRIVATE_EXTERN = NO;
				GCC_WARN_64_TO_32_BIT_CONVERSION = YES;
				GCC_WARN_ABOUT_RETURN_TYPE = YES_ERROR;
				GCC_WARN_UNDECLARED_SELECTOR = YES;
				GCC_WARN_UNINITIALIZED_AUTOS = YES_AGGRESSIVE;
				GCC_WARN_UNUSED_FUNCTION = YES;
				GCC_WARN_UNUSED_VARIABLE = YES;
				IPHONEOS_DEPLOYMENT_TARGET = 8.3;
				MTL_ENABLE_DEBUG_INFO = YES;
				ONLY_ACTIVE_ARCH = YES;
				SDKROOT = iphoneos;
				SWIFT_OPTIMIZATION_LEVEL = "-Onone";
				TARGETED_DEVICE_FAMILY = "1,2";
			};
			name = Debug;
		};
		6489B0471B0EDEEA009E6AA4 /* Release */ = {
			isa = XCBuildConfiguration;
			buildSettings = {
				ALWAYS_SEARCH_USER_PATHS = NO;
				CLANG_CXX_LANGUAGE_STANDARD = "gnu++0x";
				CLANG_CXX_LIBRARY = "libc++";
				CLANG_ENABLE_MODULES = YES;
				CLANG_ENABLE_OBJC_ARC = YES;
				CLANG_WARN_BOOL_CONVERSION = YES;
				CLANG_WARN_CONSTANT_CONVERSION = YES;
				CLANG_WARN_DIRECT_OBJC_ISA_USAGE = YES_ERROR;
				CLANG_WARN_EMPTY_BODY = YES;
				CLANG_WARN_ENUM_CONVERSION = YES;
				CLANG_WARN_INT_CONVERSION = YES;
				CLANG_WARN_OBJC_ROOT_CLASS = YES_ERROR;
				CLANG_WARN_UNREACHABLE_CODE = YES;
				CLANG_WARN__DUPLICATE_METHOD_MATCH = YES;
				"CODE_SIGN_IDENTITY[sdk=iphoneos*]" = "iPhone Developer";
				COPY_PHASE_STRIP = NO;
				DEBUG_INFORMATION_FORMAT = "dwarf-with-dsym";
				ENABLE_NS_ASSERTIONS = NO;
				ENABLE_STRICT_OBJC_MSGSEND = YES;
				GCC_C_LANGUAGE_STANDARD = gnu99;
				GCC_NO_COMMON_BLOCKS = YES;
				GCC_WARN_64_TO_32_BIT_CONVERSION = YES;
				GCC_WARN_ABOUT_RETURN_TYPE = YES_ERROR;
				GCC_WARN_UNDECLARED_SELECTOR = YES;
				GCC_WARN_UNINITIALIZED_AUTOS = YES_AGGRESSIVE;
				GCC_WARN_UNUSED_FUNCTION = YES;
				GCC_WARN_UNUSED_VARIABLE = YES;
				IPHONEOS_DEPLOYMENT_TARGET = 8.3;
				MTL_ENABLE_DEBUG_INFO = NO;
				SDKROOT = iphoneos;
				TARGETED_DEVICE_FAMILY = "1,2";
				VALIDATE_PRODUCT = YES;
			};
			name = Release;
		};
		6489B0491B0EDEEA009E6AA4 /* Debug */ = {
			isa = XCBuildConfiguration;
			buildSettings = {
				ASSETCATALOG_COMPILER_APPICON_NAME = AppIcon;
				CLANG_ENABLE_MODULES = YES;
				INFOPLIST_FILE = SwiftPages/Info.plist;
				IPHONEOS_DEPLOYMENT_TARGET = 8.0;
				LD_RUNPATH_SEARCH_PATHS = "$(inherited) @executable_path/Frameworks";
				PRODUCT_BUNDLE_IDENTIFIER = "GabrielAlva.$(PRODUCT_NAME:rfc1034identifier)";
				PRODUCT_NAME = "$(TARGET_NAME)";
				SWIFT_OPTIMIZATION_LEVEL = "-Onone";
			};
			name = Debug;
		};
		6489B04A1B0EDEEA009E6AA4 /* Release */ = {
			isa = XCBuildConfiguration;
			buildSettings = {
				ASSETCATALOG_COMPILER_APPICON_NAME = AppIcon;
				CLANG_ENABLE_MODULES = YES;
				INFOPLIST_FILE = SwiftPages/Info.plist;
				IPHONEOS_DEPLOYMENT_TARGET = 8.0;
				LD_RUNPATH_SEARCH_PATHS = "$(inherited) @executable_path/Frameworks";
				PRODUCT_BUNDLE_IDENTIFIER = "GabrielAlva.$(PRODUCT_NAME:rfc1034identifier)";
				PRODUCT_NAME = "$(TARGET_NAME)";
			};
			name = Release;
		};
		6489B04C1B0EDEEA009E6AA4 /* Debug */ = {
			isa = XCBuildConfiguration;
			buildSettings = {
				BUNDLE_LOADER = "$(TEST_HOST)";
				FRAMEWORK_SEARCH_PATHS = "";
				GCC_PREPROCESSOR_DEFINITIONS = (
					"DEBUG=1",
					"$(inherited)",
				);
				INFOPLIST_FILE = SwiftPagesTests/Info.plist;
				LD_RUNPATH_SEARCH_PATHS = "$(inherited) @executable_path/Frameworks @loader_path/Frameworks";
				PRODUCT_BUNDLE_IDENTIFIER = "GabrielAlva.$(PRODUCT_NAME:rfc1034identifier)";
				PRODUCT_NAME = "$(TARGET_NAME)";
				TEST_HOST = "$(BUILT_PRODUCTS_DIR)/SwiftPages.app/SwiftPages";
			};
			name = Debug;
		};
		6489B04D1B0EDEEA009E6AA4 /* Release */ = {
			isa = XCBuildConfiguration;
			buildSettings = {
				BUNDLE_LOADER = "$(TEST_HOST)";
				FRAMEWORK_SEARCH_PATHS = "";
				INFOPLIST_FILE = SwiftPagesTests/Info.plist;
				LD_RUNPATH_SEARCH_PATHS = "$(inherited) @executable_path/Frameworks @loader_path/Frameworks";
				PRODUCT_BUNDLE_IDENTIFIER = "GabrielAlva.$(PRODUCT_NAME:rfc1034identifier)";
				PRODUCT_NAME = "$(TARGET_NAME)";
				TEST_HOST = "$(BUILT_PRODUCTS_DIR)/SwiftPages.app/SwiftPages";
			};
			name = Release;
		};
/* End XCBuildConfiguration section */

/* Begin XCConfigurationList section */
		6489B0241B0EDEEA009E6AA4 /* Build configuration list for PBXProject "SwiftPages" */ = {
			isa = XCConfigurationList;
			buildConfigurations = (
				6489B0461B0EDEEA009E6AA4 /* Debug */,
				6489B0471B0EDEEA009E6AA4 /* Release */,
			);
			defaultConfigurationIsVisible = 0;
			defaultConfigurationName = Release;
		};
		6489B0481B0EDEEA009E6AA4 /* Build configuration list for PBXNativeTarget "SwiftPages" */ = {
			isa = XCConfigurationList;
			buildConfigurations = (
				6489B0491B0EDEEA009E6AA4 /* Debug */,
				6489B04A1B0EDEEA009E6AA4 /* Release */,
			);
			defaultConfigurationIsVisible = 0;
			defaultConfigurationName = Release;
		};
		6489B04B1B0EDEEA009E6AA4 /* Build configuration list for PBXNativeTarget "SwiftPagesTests" */ = {
			isa = XCConfigurationList;
			buildConfigurations = (
				6489B04C1B0EDEEA009E6AA4 /* Debug */,
				6489B04D1B0EDEEA009E6AA4 /* Release */,
			);
			defaultConfigurationIsVisible = 0;
			defaultConfigurationName = Release;
		};
/* End XCConfigurationList section */
	};
	rootObject = 6489B0211B0EDEEA009E6AA4 /* Project object */;
}
